
Microsoft Visual Studio Solution File, Format Version 12.00
# Visual Studio Version 17
VisualStudioVersion = 17.8.34525.116
MinimumVisualStudioVersion = 10.0.40219.1
Project("{9A19103F-16F7-4668-BE54-9A1E7A4F7556}") = "AliyaPay.Malaysia.UI", "AliyaPay.Malaysia.UI\AliyaPay.Malaysia.UI.csproj", "{015A7872-12F3-4C5E-9DE5-E31FFDA7CED6}"
EndProject
Project("{FAE04EC0-301F-11D3-BF4B-00C04F79EFBC}") = "AliyaPay.Malaysia.Core", "AliyaPay.Malaysia.Core\AliyaPay.Malaysia.Core.csproj", "{4751AEB7-EB0E-4A73-8128-0A6F970BC9F8}"
EndProject
Project("{FAE04EC0-301F-11D3-BF4B-00C04F79EFBC}") = "AliyaPay.Malaysia.Core.Application", "AliyaPay.Malaysia.Core.Application\AliyaPay.Malaysia.Core.Application.csproj", "{8372AD1C-2E7B-42B8-B85F-85E589422835}"
EndProject
Project("{FAE04EC0-301F-11D3-BF4B-00C04F79EFBC}") = "AliyaPay.Malaysia.Infrastructure", "AliyaPay.Malaysia.Infrastructure\AliyaPay.Malaysia.Infrastructure.csproj", "{0FE710BB-BE28-4585-A9DD-CE6E081974FF}"
EndProject
Global
	GlobalSection(SolutionConfigurationPlatforms) = preSolution
		Debug|Any CPU = Debug|Any CPU
		Release|Any CPU = Release|Any CPU
	EndGlobalSection
	GlobalSection(ProjectConfigurationPlatforms) = postSolution
		{015A7872-12F3-4C5E-9DE5-E31FFDA7CED6}.Debug|Any CPU.ActiveCfg = Debug|Any CPU
		{015A7872-12F3-4C5E-9DE5-E31FFDA7CED6}.Debug|Any CPU.Build.0 = Debug|Any CPU
		{015A7872-12F3-4C5E-9DE5-E31FFDA7CED6}.Debug|Any CPU.Deploy.0 = Debug|Any CPU
		{015A7872-12F3-4C5E-9DE5-E31FFDA7CED6}.Release|Any CPU.ActiveCfg = Release|Any CPU
		{015A7872-12F3-4C5E-9DE5-E31FFDA7CED6}.Release|Any CPU.Build.0 = Release|Any CPU
		{015A7872-12F3-4C5E-9DE5-E31FFDA7CED6}.Release|Any CPU.Deploy.0 = Release|Any CPU
		{4751AEB7-EB0E-4A73-8128-0A6F970BC9F8}.Debug|Any CPU.ActiveCfg = Debug|Any CPU
		{4751AEB7-EB0E-4A73-8128-0A6F970BC9F8}.Debug|Any CPU.Build.0 = Debug|Any CPU
		{4751AEB7-EB0E-4A73-8128-0A6F970BC9F8}.Release|Any CPU.ActiveCfg = Release|Any CPU
		{4751AEB7-EB0E-4A73-8128-0A6F970BC9F8}.Release|Any CPU.Build.0 = Release|Any CPU
		{8372AD1C-2E7B-42B8-B85F-85E589422835}.Debug|Any CPU.ActiveCfg = Debug|Any CPU
		{8372AD1C-2E7B-42B8-B85F-85E589422835}.Debug|Any CPU.Build.0 = Debug|Any CPU
		{8372AD1C-2E7B-42B8-B85F-85E589422835}.Release|Any CPU.ActiveCfg = Release|Any CPU
		{8372AD1C-2E7B-42B8-B85F-85E589422835}.Release|Any CPU.Build.0 = Release|Any CPU
		{0FE710BB-BE28-4585-A9DD-CE6E081974FF}.Debug|Any CPU.ActiveCfg = Debug|Any CPU
		{0FE710BB-BE28-4585-A9DD-CE6E081974FF}.Debug|Any CPU.Build.0 = Debug|Any CPU
		{0FE710BB-BE28-4585-A9DD-CE6E081974FF}.Release|Any CPU.ActiveCfg = Release|Any CPU
		{0FE710BB-BE28-4585-A9DD-CE6E081974FF}.Release|Any CPU.Build.0 = Release|Any CPU
	EndGlobalSection
	GlobalSection(SolutionProperties) = preSolution
		HideSolutionNode = FALSE
	EndGlobalSection
	GlobalSection(ExtensibilityGlobals) = postSolution
		SolutionGuid = {D01CEBC3-1AEC-4AD9-94E8-CAFFA8501F73}
	EndGlobalSection
EndGlobal
